
Microsoft Visual Studio Solution File, Format Version 12.00
# Visual Studio Version 17
VisualStudioVersion = 17.14.36717.8 d17.14
MinimumVisualStudioVersion = 10.0.40219.1
Project("{8BC9CEB8-8B4A-11D0-8D11-00A0C91BC942}") = "Enums Practicing", "Enums Practicing.vcxproj", "{BE0BA5E4-CBDD-45F5-AA35-41D432C9F496}"
EndProject
Global
	GlobalSection(SolutionConfigurationPlatforms) = preSolution
		Debug|x64 = Debug|x64
		Debug|x86 = Debug|x86
		Release|x64 = Release|x64
		Release|x86 = Release|x86
	EndGlobalSection
	GlobalSection(ProjectConfigurationPlatforms) = postSolution
		{BE0BA5E4-CBDD-45F5-AA35-41D432C9F496}.Debug|x64.ActiveCfg = Debug|x64
		{BE0BA5E4-CBDD-45F5-AA35-41D432C9F496}.Debug|x64.Build.0 = Debug|x64
		{BE0BA5E4-CBDD-45F5-AA35-41D432C9F496}.Debug|x86.ActiveCfg = Debug|Win32
		{BE0BA5E4-CBDD-45F5-AA35-41D432C9F496}.Debug|x86.Build.0 = Debug|Win32
		{BE0BA5E4-CBDD-45F5-AA35-41D432C9F496}.Release|x64.ActiveCfg = Release|x64
		{BE0BA5E4-CBDD-45F5-AA35-41D432C9F496}.Release|x64.Build.0 = Release|x64
		{BE0BA5E4-CBDD-45F5-AA35-41D432C9F496}.Release|x86.ActiveCfg = Release|Win32
		{BE0BA5E4-CBDD-45F5-AA35-41D432C9F496}.Release|x86.Build.0 = Release|Win32
	EndGlobalSection
	GlobalSection(SolutionProperties) = preSolution
		HideSolutionNode = FALSE
	EndGlobalSection
	GlobalSection(ExtensibilityGlobals) = postSolution
		SolutionGuid = {4E63CB9D-920D-49F3-A3DB-FA59F3735B3D}
	EndGlobalSection
EndGlobal
