
Microsoft Visual Studio Solution File, Format Version 12.00
# Visual Studio Version 17
VisualStudioVersion = 17.14.36717.8 d17.14
MinimumVisualStudioVersion = 10.0.40219.1
Project("{8BC9CEB8-8B4A-11D0-8D11-00A0C91BC942}") = "Algo#4", "Algo#4.vcxproj", "{23687437-23F7-4D47-996F-C8DC85EC89B2}"
EndProject
Global
	GlobalSection(SolutionConfigurationPlatforms) = preSolution
		Debug|x64 = Debug|x64
		Debug|x86 = Debug|x86
		Release|x64 = Release|x64
		Release|x86 = Release|x86
	EndGlobalSection
	GlobalSection(ProjectConfigurationPlatforms) = postSolution
		{23687437-23F7-4D47-996F-C8DC85EC89B2}.Debug|x64.ActiveCfg = Debug|x64
		{23687437-23F7-4D47-996F-C8DC85EC89B2}.Debug|x64.Build.0 = Debug|x64
		{23687437-23F7-4D47-996F-C8DC85EC89B2}.Debug|x86.ActiveCfg = Debug|Win32
		{23687437-23F7-4D47-996F-C8DC85EC89B2}.Debug|x86.Build.0 = Debug|Win32
		{23687437-23F7-4D47-996F-C8DC85EC89B2}.Release|x64.ActiveCfg = Release|x64
		{23687437-23F7-4D47-996F-C8DC85EC89B2}.Release|x64.Build.0 = Release|x64
		{23687437-23F7-4D47-996F-C8DC85EC89B2}.Release|x86.ActiveCfg = Release|Win32
		{23687437-23F7-4D47-996F-C8DC85EC89B2}.Release|x86.Build.0 = Release|Win32
	EndGlobalSection
	GlobalSection(SolutionProperties) = preSolution
		HideSolutionNode = FALSE
	EndGlobalSection
	GlobalSection(ExtensibilityGlobals) = postSolution
		SolutionGuid = {5570C4D1-FC62-4B3D-AD52-0993283AB809}
	EndGlobalSection
EndGlobal
