
Microsoft Visual Studio Solution File, Format Version 12.00
# Visual Studio Version 17
VisualStudioVersion = 17.14.36717.8 d17.14
MinimumVisualStudioVersion = 10.0.40219.1
Project("{8BC9CEB8-8B4A-11D0-8D11-00A0C91BC942}") = "SecondApp", "SecondApp.vcxproj", "{0DE061CB-B5EC-4F36-BCC1-44B3E208D0EF}"
EndProject
Global
	GlobalSection(SolutionConfigurationPlatforms) = preSolution
		Debug|x64 = Debug|x64
		Debug|x86 = Debug|x86
		Release|x64 = Release|x64
		Release|x86 = Release|x86
	EndGlobalSection
	GlobalSection(ProjectConfigurationPlatforms) = postSolution
		{0DE061CB-B5EC-4F36-BCC1-44B3E208D0EF}.Debug|x64.ActiveCfg = Debug|x64
		{0DE061CB-B5EC-4F36-BCC1-44B3E208D0EF}.Debug|x64.Build.0 = Debug|x64
		{0DE061CB-B5EC-4F36-BCC1-44B3E208D0EF}.Debug|x86.ActiveCfg = Debug|Win32
		{0DE061CB-B5EC-4F36-BCC1-44B3E208D0EF}.Debug|x86.Build.0 = Debug|Win32
		{0DE061CB-B5EC-4F36-BCC1-44B3E208D0EF}.Release|x64.ActiveCfg = Release|x64
		{0DE061CB-B5EC-4F36-BCC1-44B3E208D0EF}.Release|x64.Build.0 = Release|x64
		{0DE061CB-B5EC-4F36-BCC1-44B3E208D0EF}.Release|x86.ActiveCfg = Release|Win32
		{0DE061CB-B5EC-4F36-BCC1-44B3E208D0EF}.Release|x86.Build.0 = Release|Win32
	EndGlobalSection
	GlobalSection(SolutionProperties) = preSolution
		HideSolutionNode = FALSE
	EndGlobalSection
	GlobalSection(ExtensibilityGlobals) = postSolution
		SolutionGuid = {900FC2EA-A6F1-4BC0-A464-7C9B1B8CA274}
	EndGlobalSection
EndGlobal
